
Microsoft Visual Studio Solution File, Format Version 12.00
# Visual Studio 15
VisualStudioVersion = 15.0.27130.2027
MinimumVisualStudioVersion = 10.0.40219.1
Project("{FAE04EC0-301F-11D3-BF4B-00C04F79EFBC}") = "Backend", "Backend\Backend.csproj", "{E218301F-E729-4FC5-A6C7-DEB3F7547CA5}"
EndProject
Project("{FAE04EC0-301F-11D3-BF4B-00C04F79EFBC}") = "Bots", "Bots\Bots.csproj", "{C38386AA-ABEE-4231-A35F-C11863BD180D}"
EndProject
Project("{FAE04EC0-301F-11D3-BF4B-00C04F79EFBC}") = "Shared", "Shared\Shared.csproj", "{1B8169EA-78E2-4D28-A751-DCA426D1395E}"
EndProject
Project("{FAE04EC0-301F-11D3-BF4B-00C04F79EFBC}") = "SharedTests", "SharedTests\SharedTests.csproj", "{4184B4EF-3518-42C8-9356-ED5861D95F83}"
EndProject
Project("{FAE04EC0-301F-11D3-BF4B-00C04F79EFBC}") = "BackendTests", "BackendTests\BackendTests.csproj", "{1E0AB70F-E4CE-4FDB-BF3B-1D940AC4ED38}"
EndProject
Project("{FAE04EC0-301F-11D3-BF4B-00C04F79EFBC}") = "StudyAnalysis", "StudyAnalysis\StudyAnalysis.csproj", "{4D4E3399-E441-42D1-9865-D418730EA720}"
EndProject
Global
	GlobalSection(SolutionConfigurationPlatforms) = preSolution
		Debug NoVis|Any CPU = Debug NoVis|Any CPU
		Debug NoVis|ARM = Debug NoVis|ARM
		Debug NoVis|x64 = Debug NoVis|x64
		Debug NoVis|x86 = Debug NoVis|x86
		Debug|Any CPU = Debug|Any CPU
		Debug|ARM = Debug|ARM
		Debug|x64 = Debug|x64
		Debug|x86 = Debug|x86
		Release|Any CPU = Release|Any CPU
		Release|ARM = Release|ARM
		Release|x64 = Release|x64
		Release|x86 = Release|x86
		VS|Any CPU = VS|Any CPU
		VS|ARM = VS|ARM
		VS|x64 = VS|x64
		VS|x86 = VS|x86
	EndGlobalSection
	GlobalSection(ProjectConfigurationPlatforms) = postSolution
		{E218301F-E729-4FC5-A6C7-DEB3F7547CA5}.Debug NoVis|Any CPU.ActiveCfg = Debug NoVis|Any CPU
		{E218301F-E729-4FC5-A6C7-DEB3F7547CA5}.Debug NoVis|Any CPU.Build.0 = Debug NoVis|Any CPU
		{E218301F-E729-4FC5-A6C7-DEB3F7547CA5}.Debug NoVis|ARM.ActiveCfg = Debug NoVis|Any CPU
		{E218301F-E729-4FC5-A6C7-DEB3F7547CA5}.Debug NoVis|ARM.Build.0 = Debug NoVis|Any CPU
		{E218301F-E729-4FC5-A6C7-DEB3F7547CA5}.Debug NoVis|x64.ActiveCfg = Debug NoVis|Any CPU
		{E218301F-E729-4FC5-A6C7-DEB3F7547CA5}.Debug NoVis|x64.Build.0 = Debug NoVis|Any CPU
		{E218301F-E729-4FC5-A6C7-DEB3F7547CA5}.Debug NoVis|x86.ActiveCfg = Debug NoVis|Any CPU
		{E218301F-E729-4FC5-A6C7-DEB3F7547CA5}.Debug NoVis|x86.Build.0 = Debug NoVis|Any CPU
		{E218301F-E729-4FC5-A6C7-DEB3F7547CA5}.Debug|Any CPU.ActiveCfg = Debug|Any CPU
		{E218301F-E729-4FC5-A6C7-DEB3F7547CA5}.Debug|Any CPU.Build.0 = Debug|Any CPU
		{E218301F-E729-4FC5-A6C7-DEB3F7547CA5}.Debug|ARM.ActiveCfg = Debug|Any CPU
		{E218301F-E729-4FC5-A6C7-DEB3F7547CA5}.Debug|ARM.Build.0 = Debug|Any CPU
		{E218301F-E729-4FC5-A6C7-DEB3F7547CA5}.Debug|x64.ActiveCfg = Debug|Any CPU
		{E218301F-E729-4FC5-A6C7-DEB3F7547CA5}.Debug|x64.Build.0 = Debug|Any CPU
		{E218301F-E729-4FC5-A6C7-DEB3F7547CA5}.Debug|x86.ActiveCfg = Debug|Any CPU
		{E218301F-E729-4FC5-A6C7-DEB3F7547CA5}.Debug|x86.Build.0 = Debug|Any CPU
		{E218301F-E729-4FC5-A6C7-DEB3F7547CA5}.Release|Any CPU.ActiveCfg = Release|Any CPU
		{E218301F-E729-4FC5-A6C7-DEB3F7547CA5}.Release|Any CPU.Build.0 = Release|Any CPU
		{E218301F-E729-4FC5-A6C7-DEB3F7547CA5}.Release|ARM.ActiveCfg = Release|Any CPU
		{E218301F-E729-4FC5-A6C7-DEB3F7547CA5}.Release|ARM.Build.0 = Release|Any CPU
		{E218301F-E729-4FC5-A6C7-DEB3F7547CA5}.Release|x64.ActiveCfg = Release|Any CPU
		{E218301F-E729-4FC5-A6C7-DEB3F7547CA5}.Release|x64.Build.0 = Release|Any CPU
		{E218301F-E729-4FC5-A6C7-DEB3F7547CA5}.Release|x86.ActiveCfg = Release|Any CPU
		{E218301F-E729-4FC5-A6C7-DEB3F7547CA5}.Release|x86.Build.0 = Release|Any CPU
		{E218301F-E729-4FC5-A6C7-DEB3F7547CA5}.VS|Any CPU.ActiveCfg = Release|Any CPU
		{E218301F-E729-4FC5-A6C7-DEB3F7547CA5}.VS|Any CPU.Build.0 = Release|Any CPU
		{E218301F-E729-4FC5-A6C7-DEB3F7547CA5}.VS|ARM.ActiveCfg = Release|Any CPU
		{E218301F-E729-4FC5-A6C7-DEB3F7547CA5}.VS|ARM.Build.0 = Release|Any CPU
		{E218301F-E729-4FC5-A6C7-DEB3F7547CA5}.VS|x64.ActiveCfg = Release|Any CPU
		{E218301F-E729-4FC5-A6C7-DEB3F7547CA5}.VS|x64.Build.0 = Release|Any CPU
		{E218301F-E729-4FC5-A6C7-DEB3F7547CA5}.VS|x86.ActiveCfg = Release|Any CPU
		{E218301F-E729-4FC5-A6C7-DEB3F7547CA5}.VS|x86.Build.0 = Release|Any CPU
		{C38386AA-ABEE-4231-A35F-C11863BD180D}.Debug NoVis|Any CPU.ActiveCfg = Debug|Any CPU
		{C38386AA-ABEE-4231-A35F-C11863BD180D}.Debug NoVis|Any CPU.Build.0 = Debug|Any CPU
		{C38386AA-ABEE-4231-A35F-C11863BD180D}.Debug NoVis|ARM.ActiveCfg = Debug|Any CPU
		{C38386AA-ABEE-4231-A35F-C11863BD180D}.Debug NoVis|ARM.Build.0 = Debug|Any CPU
		{C38386AA-ABEE-4231-A35F-C11863BD180D}.Debug NoVis|x64.ActiveCfg = Debug|Any CPU
		{C38386AA-ABEE-4231-A35F-C11863BD180D}.Debug NoVis|x64.Build.0 = Debug|Any CPU
		{C38386AA-ABEE-4231-A35F-C11863BD180D}.Debug NoVis|x86.ActiveCfg = Debug|Any CPU
		{C38386AA-ABEE-4231-A35F-C11863BD180D}.Debug NoVis|x86.Build.0 = Debug|Any CPU
		{C38386AA-ABEE-4231-A35F-C11863BD180D}.Debug|Any CPU.ActiveCfg = Debug|Any CPU
		{C38386AA-ABEE-4231-A35F-C11863BD180D}.Debug|Any CPU.Build.0 = Debug|Any CPU
		{C38386AA-ABEE-4231-A35F-C11863BD180D}.Debug|ARM.ActiveCfg = Debug|Any CPU
		{C38386AA-ABEE-4231-A35F-C11863BD180D}.Debug|ARM.Build.0 = Debug|Any CPU
		{C38386AA-ABEE-4231-A35F-C11863BD180D}.Debug|x64.ActiveCfg = Debug|Any CPU
		{C38386AA-ABEE-4231-A35F-C11863BD180D}.Debug|x64.Build.0 = Debug|Any CPU
		{C38386AA-ABEE-4231-A35F-C11863BD180D}.Debug|x86.ActiveCfg = Debug|Any CPU
		{C38386AA-ABEE-4231-A35F-C11863BD180D}.Debug|x86.Build.0 = Debug|Any CPU
		{C38386AA-ABEE-4231-A35F-C11863BD180D}.Release|Any CPU.ActiveCfg = Release|Any CPU
		{C38386AA-ABEE-4231-A35F-C11863BD180D}.Release|Any CPU.Build.0 = Release|Any CPU
		{C38386AA-ABEE-4231-A35F-C11863BD180D}.Release|ARM.ActiveCfg = Release|Any CPU
		{C38386AA-ABEE-4231-A35F-C11863BD180D}.Release|ARM.Build.0 = Release|Any CPU
		{C38386AA-ABEE-4231-A35F-C11863BD180D}.Release|x64.ActiveCfg = Release|Any CPU
		{C38386AA-ABEE-4231-A35F-C11863BD180D}.Release|x64.Build.0 = Release|Any CPU
		{C38386AA-ABEE-4231-A35F-C11863BD180D}.Release|x86.ActiveCfg = Release|Any CPU
		{C38386AA-ABEE-4231-A35F-C11863BD180D}.Release|x86.Build.0 = Release|Any CPU
		{C38386AA-ABEE-4231-A35F-C11863BD180D}.VS|Any CPU.ActiveCfg = Release|Any CPU
		{C38386AA-ABEE-4231-A35F-C11863BD180D}.VS|Any CPU.Build.0 = Release|Any CPU
		{C38386AA-ABEE-4231-A35F-C11863BD180D}.VS|ARM.ActiveCfg = Release|Any CPU
		{C38386AA-ABEE-4231-A35F-C11863BD180D}.VS|ARM.Build.0 = Release|Any CPU
		{C38386AA-ABEE-4231-A35F-C11863BD180D}.VS|x64.ActiveCfg = Release|Any CPU
		{C38386AA-ABEE-4231-A35F-C11863BD180D}.VS|x64.Build.0 = Release|Any CPU
		{C38386AA-ABEE-4231-A35F-C11863BD180D}.VS|x86.ActiveCfg = Release|Any CPU
		{C38386AA-ABEE-4231-A35F-C11863BD180D}.VS|x86.Build.0 = Release|Any CPU
		{1B8169EA-78E2-4D28-A751-DCA426D1395E}.Debug NoVis|Any CPU.ActiveCfg = Debug|Any CPU
		{1B8169EA-78E2-4D28-A751-DCA426D1395E}.Debug NoVis|Any CPU.Build.0 = Debug|Any CPU
		{1B8169EA-78E2-4D28-A751-DCA426D1395E}.Debug NoVis|ARM.ActiveCfg = Debug|Any CPU
		{1B8169EA-78E2-4D28-A751-DCA426D1395E}.Debug NoVis|ARM.Build.0 = Debug|Any CPU
		{1B8169EA-78E2-4D28-A751-DCA426D1395E}.Debug NoVis|x64.ActiveCfg = Debug|Any CPU
		{1B8169EA-78E2-4D28-A751-DCA426D1395E}.Debug NoVis|x64.Build.0 = Debug|Any CPU
		{1B8169EA-78E2-4D28-A751-DCA426D1395E}.Debug NoVis|x86.ActiveCfg = Debug|Any CPU
		{1B8169EA-78E2-4D28-A751-DCA426D1395E}.Debug NoVis|x86.Build.0 = Debug|Any CPU
		{1B8169EA-78E2-4D28-A751-DCA426D1395E}.Debug|Any CPU.ActiveCfg = Debug|Any CPU
		{1B8169EA-78E2-4D28-A751-DCA426D1395E}.Debug|Any CPU.Build.0 = Debug|Any CPU
		{1B8169EA-78E2-4D28-A751-DCA426D1395E}.Debug|ARM.ActiveCfg = Debug|Any CPU
		{1B8169EA-78E2-4D28-A751-DCA426D1395E}.Debug|ARM.Build.0 = Debug|Any CPU
		{1B8169EA-78E2-4D28-A751-DCA426D1395E}.Debug|x64.ActiveCfg = Debug|Any CPU
		{1B8169EA-78E2-4D28-A751-DCA426D1395E}.Debug|x64.Build.0 = Debug|Any CPU
		{1B8169EA-78E2-4D28-A751-DCA426D1395E}.Debug|x86.ActiveCfg = Debug|Any CPU
		{1B8169EA-78E2-4D28-A751-DCA426D1395E}.Debug|x86.Build.0 = Debug|Any CPU
		{1B8169EA-78E2-4D28-A751-DCA426D1395E}.Release|Any CPU.ActiveCfg = Release|Any CPU
		{1B8169EA-78E2-4D28-A751-DCA426D1395E}.Release|Any CPU.Build.0 = Release|Any CPU
		{1B8169EA-78E2-4D28-A751-DCA426D1395E}.Release|ARM.ActiveCfg = Release|Any CPU
		{1B8169EA-78E2-4D28-A751-DCA426D1395E}.Release|ARM.Build.0 = Release|Any CPU
		{1B8169EA-78E2-4D28-A751-DCA426D1395E}.Release|x64.ActiveCfg = Release|Any CPU
		{1B8169EA-78E2-4D28-A751-DCA426D1395E}.Release|x64.Build.0 = Release|Any CPU
		{1B8169EA-78E2-4D28-A751-DCA426D1395E}.Release|x86.ActiveCfg = Release|Any CPU
		{1B8169EA-78E2-4D28-A751-DCA426D1395E}.Release|x86.Build.0 = Release|Any CPU
		{1B8169EA-78E2-4D28-A751-DCA426D1395E}.VS|Any CPU.ActiveCfg = Release|Any CPU
		{1B8169EA-78E2-4D28-A751-DCA426D1395E}.VS|Any CPU.Build.0 = Release|Any CPU
		{1B8169EA-78E2-4D28-A751-DCA426D1395E}.VS|ARM.ActiveCfg = Release|Any CPU
		{1B8169EA-78E2-4D28-A751-DCA426D1395E}.VS|ARM.Build.0 = Release|Any CPU
		{1B8169EA-78E2-4D28-A751-DCA426D1395E}.VS|x64.ActiveCfg = Release|Any CPU
		{1B8169EA-78E2-4D28-A751-DCA426D1395E}.VS|x64.Build.0 = Release|Any CPU
		{1B8169EA-78E2-4D28-A751-DCA426D1395E}.VS|x86.ActiveCfg = Release|Any CPU
		{1B8169EA-78E2-4D28-A751-DCA426D1395E}.VS|x86.Build.0 = Release|Any CPU
		{4184B4EF-3518-42C8-9356-ED5861D95F83}.Debug NoVis|Any CPU.ActiveCfg = Debug|Any CPU
		{4184B4EF-3518-42C8-9356-ED5861D95F83}.Debug NoVis|ARM.ActiveCfg = Debug|Any CPU
		{4184B4EF-3518-42C8-9356-ED5861D95F83}.Debug NoVis|ARM.Build.0 = Debug|Any CPU
		{4184B4EF-3518-42C8-9356-ED5861D95F83}.Debug NoVis|x64.ActiveCfg = Debug|Any CPU
		{4184B4EF-3518-42C8-9356-ED5861D95F83}.Debug NoVis|x64.Build.0 = Debug|Any CPU
		{4184B4EF-3518-42C8-9356-ED5861D95F83}.Debug NoVis|x86.ActiveCfg = Debug|Any CPU
		{4184B4EF-3518-42C8-9356-ED5861D95F83}.Debug NoVis|x86.Build.0 = Debug|Any CPU
		{4184B4EF-3518-42C8-9356-ED5861D95F83}.Debug|Any CPU.ActiveCfg = Debug|Any CPU
		{4184B4EF-3518-42C8-9356-ED5861D95F83}.Debug|Any CPU.Build.0 = Debug|Any CPU
		{4184B4EF-3518-42C8-9356-ED5861D95F83}.Debug|ARM.ActiveCfg = Debug|Any CPU
		{4184B4EF-3518-42C8-9356-ED5861D95F83}.Debug|ARM.Build.0 = Debug|Any CPU
		{4184B4EF-3518-42C8-9356-ED5861D95F83}.Debug|x64.ActiveCfg = Debug|Any CPU
		{4184B4EF-3518-42C8-9356-ED5861D95F83}.Debug|x64.Build.0 = Debug|Any CPU
		{4184B4EF-3518-42C8-9356-ED5861D95F83}.Debug|x86.ActiveCfg = Debug|Any CPU
		{4184B4EF-3518-42C8-9356-ED5861D95F83}.Debug|x86.Build.0 = Debug|Any CPU
		{4184B4EF-3518-42C8-9356-ED5861D95F83}.Release|Any CPU.ActiveCfg = Release|Any CPU
		{4184B4EF-3518-42C8-9356-ED5861D95F83}.Release|Any CPU.Build.0 = Release|Any CPU
		{4184B4EF-3518-42C8-9356-ED5861D95F83}.Release|ARM.ActiveCfg = Release|Any CPU
		{4184B4EF-3518-42C8-9356-ED5861D95F83}.Release|ARM.Build.0 = Release|Any CPU
		{4184B4EF-3518-42C8-9356-ED5861D95F83}.Release|x64.ActiveCfg = Release|Any CPU
		{4184B4EF-3518-42C8-9356-ED5861D95F83}.Release|x64.Build.0 = Release|Any CPU
		{4184B4EF-3518-42C8-9356-ED5861D95F83}.Release|x86.ActiveCfg = Release|Any CPU
		{4184B4EF-3518-42C8-9356-ED5861D95F83}.Release|x86.Build.0 = Release|Any CPU
		{4184B4EF-3518-42C8-9356-ED5861D95F83}.VS|Any CPU.ActiveCfg = Release|Any CPU
		{4184B4EF-3518-42C8-9356-ED5861D95F83}.VS|Any CPU.Build.0 = Release|Any CPU
		{4184B4EF-3518-42C8-9356-ED5861D95F83}.VS|ARM.ActiveCfg = Release|Any CPU
		{4184B4EF-3518-42C8-9356-ED5861D95F83}.VS|ARM.Build.0 = Release|Any CPU
		{4184B4EF-3518-42C8-9356-ED5861D95F83}.VS|x64.ActiveCfg = Release|Any CPU
		{4184B4EF-3518-42C8-9356-ED5861D95F83}.VS|x64.Build.0 = Release|Any CPU
		{4184B4EF-3518-42C8-9356-ED5861D95F83}.VS|x86.ActiveCfg = Release|Any CPU
		{4184B4EF-3518-42C8-9356-ED5861D95F83}.VS|x86.Build.0 = Release|Any CPU
		{1E0AB70F-E4CE-4FDB-BF3B-1D940AC4ED38}.Debug NoVis|Any CPU.ActiveCfg = Debug|Any CPU
		{1E0AB70F-E4CE-4FDB-BF3B-1D940AC4ED38}.Debug NoVis|Any CPU.Build.0 = Debug|Any CPU
		{1E0AB70F-E4CE-4FDB-BF3B-1D940AC4ED38}.Debug NoVis|ARM.ActiveCfg = Debug|Any CPU
		{1E0AB70F-E4CE-4FDB-BF3B-1D940AC4ED38}.Debug NoVis|x64.ActiveCfg = Debug|Any CPU
		{1E0AB70F-E4CE-4FDB-BF3B-1D940AC4ED38}.Debug NoVis|x86.ActiveCfg = Debug|Any CPU
		{1E0AB70F-E4CE-4FDB-BF3B-1D940AC4ED38}.Debug|Any CPU.ActiveCfg = Debug|Any CPU
		{1E0AB70F-E4CE-4FDB-BF3B-1D940AC4ED38}.Debug|Any CPU.Build.0 = Debug|Any CPU
		{1E0AB70F-E4CE-4FDB-BF3B-1D940AC4ED38}.Debug|ARM.ActiveCfg = Debug|Any CPU
		{1E0AB70F-E4CE-4FDB-BF3B-1D940AC4ED38}.Debug|x64.ActiveCfg = Debug|Any CPU
		{1E0AB70F-E4CE-4FDB-BF3B-1D940AC4ED38}.Debug|x86.ActiveCfg = Debug|Any CPU
		{1E0AB70F-E4CE-4FDB-BF3B-1D940AC4ED38}.Debug|x86.Build.0 = Debug|Any CPU
		{1E0AB70F-E4CE-4FDB-BF3B-1D940AC4ED38}.Release|Any CPU.ActiveCfg = Release|Any CPU
		{1E0AB70F-E4CE-4FDB-BF3B-1D940AC4ED38}.Release|Any CPU.Build.0 = Release|Any CPU
		{1E0AB70F-E4CE-4FDB-BF3B-1D940AC4ED38}.Release|ARM.ActiveCfg = Release|Any CPU
		{1E0AB70F-E4CE-4FDB-BF3B-1D940AC4ED38}.Release|x64.ActiveCfg = Release|Any CPU
		{1E0AB70F-E4CE-4FDB-BF3B-1D940AC4ED38}.Release|x86.ActiveCfg = Release|Any CPU
		{1E0AB70F-E4CE-4FDB-BF3B-1D940AC4ED38}.VS|Any CPU.ActiveCfg = Release|Any CPU
		{1E0AB70F-E4CE-4FDB-BF3B-1D940AC4ED38}.VS|Any CPU.Build.0 = Release|Any CPU
		{1E0AB70F-E4CE-4FDB-BF3B-1D940AC4ED38}.VS|ARM.ActiveCfg = Release|Any CPU
		{1E0AB70F-E4CE-4FDB-BF3B-1D940AC4ED38}.VS|ARM.Build.0 = Release|Any CPU
		{1E0AB70F-E4CE-4FDB-BF3B-1D940AC4ED38}.VS|x64.ActiveCfg = Release|Any CPU
		{1E0AB70F-E4CE-4FDB-BF3B-1D940AC4ED38}.VS|x64.Build.0 = Release|Any CPU
		{1E0AB70F-E4CE-4FDB-BF3B-1D940AC4ED38}.VS|x86.ActiveCfg = Release|Any CPU
		{1E0AB70F-E4CE-4FDB-BF3B-1D940AC4ED38}.VS|x86.Build.0 = Release|Any CPU
		{4D4E3399-E441-42D1-9865-D418730EA720}.Debug NoVis|Any CPU.ActiveCfg = Debug|Any CPU
		{4D4E3399-E441-42D1-9865-D418730EA720}.Debug NoVis|Any CPU.Build.0 = Debug|Any CPU
		{4D4E3399-E441-42D1-9865-D418730EA720}.Debug NoVis|ARM.ActiveCfg = Debug|Any CPU
		{4D4E3399-E441-42D1-9865-D418730EA720}.Debug NoVis|ARM.Build.0 = Debug|Any CPU
		{4D4E3399-E441-42D1-9865-D418730EA720}.Debug NoVis|x64.ActiveCfg = Debug|Any CPU
		{4D4E3399-E441-42D1-9865-D418730EA720}.Debug NoVis|x64.Build.0 = Debug|Any CPU
		{4D4E3399-E441-42D1-9865-D418730EA720}.Debug NoVis|x86.ActiveCfg = Debug|Any CPU
		{4D4E3399-E441-42D1-9865-D418730EA720}.Debug NoVis|x86.Build.0 = Debug|Any CPU
		{4D4E3399-E441-42D1-9865-D418730EA720}.Debug|Any CPU.ActiveCfg = Debug|Any CPU
		{4D4E3399-E441-42D1-9865-D418730EA720}.Debug|Any CPU.Build.0 = Debug|Any CPU
		{4D4E3399-E441-42D1-9865-D418730EA720}.Debug|ARM.ActiveCfg = Debug|Any CPU
		{4D4E3399-E441-42D1-9865-D418730EA720}.Debug|ARM.Build.0 = Debug|Any CPU
		{4D4E3399-E441-42D1-9865-D418730EA720}.Debug|x64.ActiveCfg = Debug|Any CPU
		{4D4E3399-E441-42D1-9865-D418730EA720}.Debug|x64.Build.0 = Debug|Any CPU
		{4D4E3399-E441-42D1-9865-D418730EA720}.Debug|x86.ActiveCfg = Debug|Any CPU
		{4D4E3399-E441-42D1-9865-D418730EA720}.Debug|x86.Build.0 = Debug|Any CPU
		{4D4E3399-E441-42D1-9865-D418730EA720}.Release|Any CPU.ActiveCfg = Release|Any CPU
		{4D4E3399-E441-42D1-9865-D418730EA720}.Release|Any CPU.Build.0 = Release|Any CPU
		{4D4E3399-E441-42D1-9865-D418730EA720}.Release|ARM.ActiveCfg = Release|Any CPU
		{4D4E3399-E441-42D1-9865-D418730EA720}.Release|ARM.Build.0 = Release|Any CPU
		{4D4E3399-E441-42D1-9865-D418730EA720}.Release|x64.ActiveCfg = Release|Any CPU
		{4D4E3399-E441-42D1-9865-D418730EA720}.Release|x64.Build.0 = Release|Any CPU
		{4D4E3399-E441-42D1-9865-D418730EA720}.Release|x86.ActiveCfg = Release|Any CPU
		{4D4E3399-E441-42D1-9865-D418730EA720}.Release|x86.Build.0 = Release|Any CPU
		{4D4E3399-E441-42D1-9865-D418730EA720}.VS|Any CPU.ActiveCfg = Release|Any CPU
		{4D4E3399-E441-42D1-9865-D418730EA720}.VS|Any CPU.Build.0 = Release|Any CPU
		{4D4E3399-E441-42D1-9865-D418730EA720}.VS|ARM.ActiveCfg = Release|Any CPU
		{4D4E3399-E441-42D1-9865-D418730EA720}.VS|ARM.Build.0 = Release|Any CPU
		{4D4E3399-E441-42D1-9865-D418730EA720}.VS|x64.ActiveCfg = Release|Any CPU
		{4D4E3399-E441-42D1-9865-D418730EA720}.VS|x64.Build.0 = Release|Any CPU
		{4D4E3399-E441-42D1-9865-D418730EA720}.VS|x86.ActiveCfg = Release|Any CPU
		{4D4E3399-E441-42D1-9865-D418730EA720}.VS|x86.Build.0 = Release|Any CPU
	EndGlobalSection
	GlobalSection(SolutionProperties) = preSolution
		HideSolutionNode = FALSE
	EndGlobalSection
	GlobalSection(ExtensibilityGlobals) = postSolution
		SolutionGuid = {8D0759AA-56EF-4FCC-A115-892A23679B79}
	EndGlobalSection
EndGlobal
